
Microsoft Visual Studio Solution File, Format Version 12.00
# Visual Studio 15
VisualStudioVersion = 15.0.26430.13
MinimumVisualStudioVersion = 10.0.40219.1
Project("{FAE04EC0-301F-11D3-BF4B-00C04F79EFBC}") = "haildetecter", "haildetecter\haildetecter.csproj", "{BA715083-7DD9-49E2-8BA5-5E09871CB217}"
EndProject
Global
	GlobalSection(SolutionConfigurationPlatforms) = preSolution
		Debug|Any CPU = Debug|Any CPU
		Release|Any CPU = Release|Any CPU
	EndGlobalSection
	GlobalSection(ProjectConfigurationPlatforms) = postSolution
		{BA715083-7DD9-49E2-8BA5-5E09871CB217}.Debug|Any CPU.ActiveCfg = Debug|Any CPU
		{BA715083-7DD9-49E2-8BA5-5E09871CB217}.Debug|Any CPU.Build.0 = Debug|Any CPU
		{BA715083-7DD9-49E2-8BA5-5E09871CB217}.Release|Any CPU.ActiveCfg = Release|Any CPU
		{BA715083-7DD9-49E2-8BA5-5E09871CB217}.Release|Any CPU.Build.0 = Release|Any CPU
	EndGlobalSection
	GlobalSection(SolutionProperties) = preSolution
		HideSolutionNode = FALSE
	EndGlobalSection
EndGlobal
